
Microsoft Visual Studio Solution File, Format Version 12.00
# Visual Studio Version 16
VisualStudioVersion = 16.0.30002.166
MinimumVisualStudioVersion = 10.0.40219.1
Project("{8BC9CEB8-8B4A-11D0-8D11-00A0C91BC942}") = "RayTracing", "RayTracing.vcxproj", "{D710F1AC-1CF9-42F8-90A5-3DCD1D79FA25}"
EndProject
Global
	GlobalSection(SolutionConfigurationPlatforms) = preSolution
		Debug|x64 = Debug|x64
		Debug|x86 = Debug|x86
		Release|x64 = Release|x64
		Release|x86 = Release|x86
	EndGlobalSection
	GlobalSection(ProjectConfigurationPlatforms) = postSolution
		{D710F1AC-1CF9-42F8-90A5-3DCD1D79FA25}.Debug|x64.ActiveCfg = Debug|x64
		{D710F1AC-1CF9-42F8-90A5-3DCD1D79FA25}.Debug|x64.Build.0 = Debug|x64
		{D710F1AC-1CF9-42F8-90A5-3DCD1D79FA25}.Debug|x86.ActiveCfg = Debug|Win32
		{D710F1AC-1CF9-42F8-90A5-3DCD1D79FA25}.Debug|x86.Build.0 = Debug|Win32
		{D710F1AC-1CF9-42F8-90A5-3DCD1D79FA25}.Release|x64.ActiveCfg = Release|x64
		{D710F1AC-1CF9-42F8-90A5-3DCD1D79FA25}.Release|x64.Build.0 = Release|x64
		{D710F1AC-1CF9-42F8-90A5-3DCD1D79FA25}.Release|x86.ActiveCfg = Release|Win32
		{D710F1AC-1CF9-42F8-90A5-3DCD1D79FA25}.Release|x86.Build.0 = Release|Win32
	EndGlobalSection
	GlobalSection(SolutionProperties) = preSolution
		HideSolutionNode = FALSE
	EndGlobalSection
	GlobalSection(ExtensibilityGlobals) = postSolution
		SolutionGuid = {2DDD23CD-FEEF-40B9-BAAD-360AE111B131}
	EndGlobalSection
EndGlobal
